trigger: none

variables:
  archive_url: ${ROMP_ARCHIVE_URL}
  command: ${ROMP_COMMAND}
  environments: ${ROMP_ENVIRONMENTS}

jobs:
  - template: templates/jobs/get_input_archive.yml
    parameters:
      job: get_input_archive
      archive_url: $(archive_url)

  - template: templates/jobs/run_command.yml
    parameters:
      platform: Linux
      vmImage: 'ubuntu-16.04'
      dependsOn: get_input_archive
      command: $(command)
      environments: $(environments)

  - template: templates/jobs/run_command.yml
    parameters:
      platform: macOS
      vmImage: 'macOS-10.13'
      dependsOn: get_input_archive
      command: $(command)
      environments: $(environments)

  - template: templates/jobs/run_command.yml
    parameters:
      platform: Windows
      vmImage: 'vs2017-win2016'
      dependsOn: get_input_archive
      command: $(command)
      environments: $(environments)
